
Microsoft Visual Studio Solution File, Format Version 12.00
# Visual Studio Version 17
VisualStudioVersion = 17.9.34622.214
MinimumVisualStudioVersion = 10.0.40219.1
Project("{FAE04EC0-301F-11D3-BF4B-00C04F79EFBC}") = "Application8", "Application8\Application8.csproj", "{6E6B9328-C9E8-4D6E-BD44-B56FCA47D9B7}"
EndProject
Global
	GlobalSection(SolutionConfigurationPlatforms) = preSolution
		Debug|Any CPU = Debug|Any CPU
		Release|Any CPU = Release|Any CPU
	EndGlobalSection
	GlobalSection(ProjectConfigurationPlatforms) = postSolution
		{6E6B9328-C9E8-4D6E-BD44-B56FCA47D9B7}.Debug|Any CPU.ActiveCfg = Debug|Any CPU
		{6E6B9328-C9E8-4D6E-BD44-B56FCA47D9B7}.Debug|Any CPU.Build.0 = Debug|Any CPU
		{6E6B9328-C9E8-4D6E-BD44-B56FCA47D9B7}.Debug|Any CPU.Deploy.0 = Debug|Any CPU
		{6E6B9328-C9E8-4D6E-BD44-B56FCA47D9B7}.Release|Any CPU.ActiveCfg = Release|Any CPU
		{6E6B9328-C9E8-4D6E-BD44-B56FCA47D9B7}.Release|Any CPU.Build.0 = Release|Any CPU
		{6E6B9328-C9E8-4D6E-BD44-B56FCA47D9B7}.Release|Any CPU.Deploy.0 = Release|Any CPU
	EndGlobalSection
	GlobalSection(SolutionProperties) = preSolution
		HideSolutionNode = FALSE
	EndGlobalSection
	GlobalSection(ExtensibilityGlobals) = postSolution
		SolutionGuid = {1DEB1D1D-224A-4C26-B445-CFF9E2D2D8CE}
	EndGlobalSection
EndGlobal
